
Microsoft Visual Studio Solution File, Format Version 12.00
# Visual Studio Version 17
VisualStudioVersion = 17.9.34622.214
MinimumVisualStudioVersion = 10.0.40219.1
Project("{FAE04EC0-301F-11D3-BF4B-00C04F79EFBC}") = "TraSuaApp", "TraSuaApp.csproj", "{62FAD64A-9DD7-43F5-AABF-089DC7F801C5}"
EndProject
Global
	GlobalSection(SolutionConfigurationPlatforms) = preSolution
		Debug|Any CPU = Debug|Any CPU
		Release|Any CPU = Release|Any CPU
	EndGlobalSection
	GlobalSection(ProjectConfigurationPlatforms) = postSolution
		{62FAD64A-9DD7-43F5-AABF-089DC7F801C5}.Debug|Any CPU.ActiveCfg = Debug|Any CPU
		{62FAD64A-9DD7-43F5-AABF-089DC7F801C5}.Debug|Any CPU.Build.0 = Debug|Any CPU
		{62FAD64A-9DD7-43F5-AABF-089DC7F801C5}.Release|Any CPU.ActiveCfg = Release|Any CPU
		{62FAD64A-9DD7-43F5-AABF-089DC7F801C5}.Release|Any CPU.Build.0 = Release|Any CPU
	EndGlobalSection
	GlobalSection(SolutionProperties) = preSolution
		HideSolutionNode = FALSE
	EndGlobalSection
	GlobalSection(ExtensibilityGlobals) = postSolution
		SolutionGuid = {3327B8B8-DECB-4C7D-9620-17C6341F77B4}
	EndGlobalSection
EndGlobal
